<Solution>
  <Folder Name="/deployment/" />
  <Folder Name="/src/">
    <Project Path="src/Vicgital.Infrastructure.Logging/Vicgital.Infrastructure.Logging.csproj" />
  </Folder>
  <Folder Name="/test/">
    <Project Path="test/Vicgital.Infrastructure.Logging.TestHarness/Vicgital.Infrastructure.Logging.TestHarness.csproj" />
  </Folder>
</Solution>
